
Microsoft Visual Studio Solution File, Format Version 12.00
# Visual Studio Version 16
VisualStudioVersion = 16.0.30225.117
MinimumVisualStudioVersion = 10.0.40219.1
Project("{9A19103F-16F7-4668-BE54-9A1E7A4F7556}") = "Clinique.Domain", "Clinique.Domain\Clinique.Domain.csproj", "{629A552B-04DB-4001-9457-DCE382012332}"
EndProject
Project("{9A19103F-16F7-4668-BE54-9A1E7A4F7556}") = "Clinique.EntityFramework", "Clinique.EntityFramework\Clinique.EntityFramework.csproj", "{C6BC8FCA-C0BD-4774-A72E-BE02D55D4A8C}"
EndProject
Project("{9A19103F-16F7-4668-BE54-9A1E7A4F7556}") = "Clinique.AspNetCore", "Clinique.AspNetCore\Clinique.AspNetCore.csproj", "{1AA9A44A-4CA9-4C9F-90B6-ECBC39179938}"
EndProject
Project("{2150E333-8FDC-42A3-9474-1A3956D46DE8}") = "Solution Items", "Solution Items", "{8D8AED0A-3C5B-483A-9D31-A8CE0EED30F7}"
	ProjectSection(SolutionItems) = preProject
		.a11yrc = .a11yrc
	EndProjectSection
EndProject
Project("{9A19103F-16F7-4668-BE54-9A1E7A4F7556}") = "Clinique.Console", "Console.Console\Clinique.Console.csproj", "{EC3D8D6A-AE13-4666-B144-67CC5076D77E}"
EndProject
Global
	GlobalSection(SolutionConfigurationPlatforms) = preSolution
		Debug|Any CPU = Debug|Any CPU
		Release|Any CPU = Release|Any CPU
	EndGlobalSection
	GlobalSection(ProjectConfigurationPlatforms) = postSolution
		{629A552B-04DB-4001-9457-DCE382012332}.Debug|Any CPU.ActiveCfg = Debug|Any CPU
		{629A552B-04DB-4001-9457-DCE382012332}.Debug|Any CPU.Build.0 = Debug|Any CPU
		{629A552B-04DB-4001-9457-DCE382012332}.Release|Any CPU.ActiveCfg = Release|Any CPU
		{629A552B-04DB-4001-9457-DCE382012332}.Release|Any CPU.Build.0 = Release|Any CPU
		{C6BC8FCA-C0BD-4774-A72E-BE02D55D4A8C}.Debug|Any CPU.ActiveCfg = Debug|Any CPU
		{C6BC8FCA-C0BD-4774-A72E-BE02D55D4A8C}.Debug|Any CPU.Build.0 = Debug|Any CPU
		{C6BC8FCA-C0BD-4774-A72E-BE02D55D4A8C}.Release|Any CPU.ActiveCfg = Release|Any CPU
		{C6BC8FCA-C0BD-4774-A72E-BE02D55D4A8C}.Release|Any CPU.Build.0 = Release|Any CPU
		{1AA9A44A-4CA9-4C9F-90B6-ECBC39179938}.Debug|Any CPU.ActiveCfg = Debug|Any CPU
		{1AA9A44A-4CA9-4C9F-90B6-ECBC39179938}.Debug|Any CPU.Build.0 = Debug|Any CPU
		{1AA9A44A-4CA9-4C9F-90B6-ECBC39179938}.Release|Any CPU.ActiveCfg = Release|Any CPU
		{1AA9A44A-4CA9-4C9F-90B6-ECBC39179938}.Release|Any CPU.Build.0 = Release|Any CPU
		{EC3D8D6A-AE13-4666-B144-67CC5076D77E}.Debug|Any CPU.ActiveCfg = Debug|Any CPU
		{EC3D8D6A-AE13-4666-B144-67CC5076D77E}.Debug|Any CPU.Build.0 = Debug|Any CPU
		{EC3D8D6A-AE13-4666-B144-67CC5076D77E}.Release|Any CPU.ActiveCfg = Release|Any CPU
		{EC3D8D6A-AE13-4666-B144-67CC5076D77E}.Release|Any CPU.Build.0 = Release|Any CPU
	EndGlobalSection
	GlobalSection(SolutionProperties) = preSolution
		HideSolutionNode = FALSE
	EndGlobalSection
	GlobalSection(ExtensibilityGlobals) = postSolution
		SolutionGuid = {42791FE6-3924-4DB3-A4BC-600CF9C6F18B}
	EndGlobalSection
EndGlobal
